
Microsoft Visual Studio Solution File, Format Version 12.00
# Visual Studio Version 16
VisualStudioVersion = 25.0.1704.0
MinimumVisualStudioVersion = 10.0.40219.1
Project("{FAE04EC0-301F-11D3-BF4B-00C04F79EFBC}") = "01.TilesMaster", "01.TilesMaster\01.TilesMaster.csproj", "{86E02773-66B1-43C8-88EC-CBEABC32C0CD}"
EndProject
Global
	GlobalSection(SolutionConfigurationPlatforms) = preSolution
		Debug|Any CPU = Debug|Any CPU
		Release|Any CPU = Release|Any CPU
	EndGlobalSection
	GlobalSection(ProjectConfigurationPlatforms) = postSolution
		{86E02773-66B1-43C8-88EC-CBEABC32C0CD}.Debug|Any CPU.ActiveCfg = Debug|Any CPU
		{86E02773-66B1-43C8-88EC-CBEABC32C0CD}.Debug|Any CPU.Build.0 = Debug|Any CPU
		{86E02773-66B1-43C8-88EC-CBEABC32C0CD}.Release|Any CPU.ActiveCfg = Release|Any CPU
		{86E02773-66B1-43C8-88EC-CBEABC32C0CD}.Release|Any CPU.Build.0 = Release|Any CPU
	EndGlobalSection
	GlobalSection(SolutionProperties) = preSolution
		HideSolutionNode = FALSE
	EndGlobalSection
	GlobalSection(ExtensibilityGlobals) = postSolution
		SolutionGuid = {43303F31-01BD-49F8-8B72-A7AC2BC56181}
	EndGlobalSection
EndGlobal
