
Microsoft Visual Studio Solution File, Format Version 12.00
# Visual Studio Version 16
VisualStudioVersion = 25.0.1703.0
MinimumVisualStudioVersion = 10.0.40219.1
Project("{FAE04EC0-301F-11D3-BF4B-00C04F79EFBC}") = "01.BasicStackOperations", "01.BasicStackOperations\01.BasicStackOperations.csproj", "{89F514AB-6344-432E-9DD0-8881178A5188}"
EndProject
Global
	GlobalSection(SolutionConfigurationPlatforms) = preSolution
		Debug|Any CPU = Debug|Any CPU
		Release|Any CPU = Release|Any CPU
	EndGlobalSection
	GlobalSection(ProjectConfigurationPlatforms) = postSolution
		{89F514AB-6344-432E-9DD0-8881178A5188}.Debug|Any CPU.ActiveCfg = Debug|Any CPU
		{89F514AB-6344-432E-9DD0-8881178A5188}.Debug|Any CPU.Build.0 = Debug|Any CPU
		{89F514AB-6344-432E-9DD0-8881178A5188}.Release|Any CPU.ActiveCfg = Release|Any CPU
		{89F514AB-6344-432E-9DD0-8881178A5188}.Release|Any CPU.Build.0 = Release|Any CPU
	EndGlobalSection
	GlobalSection(SolutionProperties) = preSolution
		HideSolutionNode = FALSE
	EndGlobalSection
	GlobalSection(ExtensibilityGlobals) = postSolution
		SolutionGuid = {92FCC751-E1E6-4C79-827F-EFDF433C38EC}
	EndGlobalSection
EndGlobal
