
Microsoft Visual Studio Solution File, Format Version 12.00
# Visual Studio Version 16
VisualStudioVersion = 25.0.1704.0
MinimumVisualStudioVersion = 10.0.40219.1
Project("{FAE04EC0-301F-11D3-BF4B-00C04F79EFBC}") = "01_BaristaContest", "01_BaristaContest\01_BaristaContest.csproj", "{123C5CB3-97ED-46CD-BF58-90C2CCC5F9F3}"
EndProject
Global
	GlobalSection(SolutionConfigurationPlatforms) = preSolution
		Debug|Any CPU = Debug|Any CPU
		Release|Any CPU = Release|Any CPU
	EndGlobalSection
	GlobalSection(ProjectConfigurationPlatforms) = postSolution
		{123C5CB3-97ED-46CD-BF58-90C2CCC5F9F3}.Debug|Any CPU.ActiveCfg = Debug|Any CPU
		{123C5CB3-97ED-46CD-BF58-90C2CCC5F9F3}.Debug|Any CPU.Build.0 = Debug|Any CPU
		{123C5CB3-97ED-46CD-BF58-90C2CCC5F9F3}.Release|Any CPU.ActiveCfg = Release|Any CPU
		{123C5CB3-97ED-46CD-BF58-90C2CCC5F9F3}.Release|Any CPU.Build.0 = Release|Any CPU
	EndGlobalSection
	GlobalSection(SolutionProperties) = preSolution
		HideSolutionNode = FALSE
	EndGlobalSection
	GlobalSection(ExtensibilityGlobals) = postSolution
		SolutionGuid = {A18B93BB-3634-48A9-860D-8B95B281F419}
	EndGlobalSection
EndGlobal
