
Microsoft Visual Studio Solution File, Format Version 12.00
# Visual Studio Version 16
VisualStudioVersion = 25.0.1704.0
MinimumVisualStudioVersion = 10.0.40219.1
Project("{FAE04EC0-301F-11D3-BF4B-00C04F79EFBC}") = "02.BeaverАtWork", "02.BeaverАtWork\02.BeaverАtWork.csproj", "{B5CED244-B12C-40B9-9793-112479011CFC}"
EndProject
Global
	GlobalSection(SolutionConfigurationPlatforms) = preSolution
		Debug|Any CPU = Debug|Any CPU
		Release|Any CPU = Release|Any CPU
	EndGlobalSection
	GlobalSection(ProjectConfigurationPlatforms) = postSolution
		{B5CED244-B12C-40B9-9793-112479011CFC}.Debug|Any CPU.ActiveCfg = Debug|Any CPU
		{B5CED244-B12C-40B9-9793-112479011CFC}.Debug|Any CPU.Build.0 = Debug|Any CPU
		{B5CED244-B12C-40B9-9793-112479011CFC}.Release|Any CPU.ActiveCfg = Release|Any CPU
		{B5CED244-B12C-40B9-9793-112479011CFC}.Release|Any CPU.Build.0 = Release|Any CPU
	EndGlobalSection
	GlobalSection(SolutionProperties) = preSolution
		HideSolutionNode = FALSE
	EndGlobalSection
	GlobalSection(ExtensibilityGlobals) = postSolution
		SolutionGuid = {4C1C1F75-9826-4F9D-BE37-3EA5C81C8BAC}
	EndGlobalSection
EndGlobal
