
Microsoft Visual Studio Solution File, Format Version 12.00
# Visual Studio Version 16
VisualStudioVersion = 25.0.1704.0
MinimumVisualStudioVersion = 10.0.40219.1
Project("{FAE04EC0-301F-11D3-BF4B-00C04F79EFBC}") = "06.ReverseEndExclude", "06.ReverseEndExclude\06.ReverseEndExclude.csproj", "{F4ED247D-305C-4BB1-924C-2BD68427C4F7}"
EndProject
Global
	GlobalSection(SolutionConfigurationPlatforms) = preSolution
		Debug|Any CPU = Debug|Any CPU
		Release|Any CPU = Release|Any CPU
	EndGlobalSection
	GlobalSection(ProjectConfigurationPlatforms) = postSolution
		{F4ED247D-305C-4BB1-924C-2BD68427C4F7}.Debug|Any CPU.ActiveCfg = Debug|Any CPU
		{F4ED247D-305C-4BB1-924C-2BD68427C4F7}.Debug|Any CPU.Build.0 = Debug|Any CPU
		{F4ED247D-305C-4BB1-924C-2BD68427C4F7}.Release|Any CPU.ActiveCfg = Release|Any CPU
		{F4ED247D-305C-4BB1-924C-2BD68427C4F7}.Release|Any CPU.Build.0 = Release|Any CPU
	EndGlobalSection
	GlobalSection(SolutionProperties) = preSolution
		HideSolutionNode = FALSE
	EndGlobalSection
	GlobalSection(ExtensibilityGlobals) = postSolution
		SolutionGuid = {F7FDC45B-8CDA-4F44-B91F-4681AF2E7F93}
	EndGlobalSection
EndGlobal
