
Microsoft Visual Studio Solution File, Format Version 12.00
# Visual Studio Version 16
VisualStudioVersion = 25.0.1704.0
MinimumVisualStudioVersion = 10.0.40219.1
Project("{FAE04EC0-301F-11D3-BF4B-00C04F79EFBC}") = "01.CountSameValueInArray", "01.CountSameValueInArray\01.CountSameValueInArray.csproj", "{33353971-9883-4F97-9F2F-678D39D4DB6A}"
EndProject
Global
	GlobalSection(SolutionConfigurationPlatforms) = preSolution
		Debug|Any CPU = Debug|Any CPU
		Release|Any CPU = Release|Any CPU
	EndGlobalSection
	GlobalSection(ProjectConfigurationPlatforms) = postSolution
		{33353971-9883-4F97-9F2F-678D39D4DB6A}.Debug|Any CPU.ActiveCfg = Debug|Any CPU
		{33353971-9883-4F97-9F2F-678D39D4DB6A}.Debug|Any CPU.Build.0 = Debug|Any CPU
		{33353971-9883-4F97-9F2F-678D39D4DB6A}.Release|Any CPU.ActiveCfg = Release|Any CPU
		{33353971-9883-4F97-9F2F-678D39D4DB6A}.Release|Any CPU.Build.0 = Release|Any CPU
	EndGlobalSection
	GlobalSection(SolutionProperties) = preSolution
		HideSolutionNode = FALSE
	EndGlobalSection
	GlobalSection(ExtensibilityGlobals) = postSolution
		SolutionGuid = {22648E2D-2441-4824-B5CB-E833C7BE71D6}
	EndGlobalSection
EndGlobal
