
Microsoft Visual Studio Solution File, Format Version 12.00
# Visual Studio Version 16
VisualStudioVersion = 25.0.1704.0
MinimumVisualStudioVersion = 10.0.40219.1
Project("{FAE04EC0-301F-11D3-BF4B-00C04F79EFBC}") = "04.AddVAT", "04.AddVAT\04.AddVAT.csproj", "{0BF40B54-F0E6-4451-B849-325E57490488}"
EndProject
Global
	GlobalSection(SolutionConfigurationPlatforms) = preSolution
		Debug|Any CPU = Debug|Any CPU
		Release|Any CPU = Release|Any CPU
	EndGlobalSection
	GlobalSection(ProjectConfigurationPlatforms) = postSolution
		{0BF40B54-F0E6-4451-B849-325E57490488}.Debug|Any CPU.ActiveCfg = Debug|Any CPU
		{0BF40B54-F0E6-4451-B849-325E57490488}.Debug|Any CPU.Build.0 = Debug|Any CPU
		{0BF40B54-F0E6-4451-B849-325E57490488}.Release|Any CPU.ActiveCfg = Release|Any CPU
		{0BF40B54-F0E6-4451-B849-325E57490488}.Release|Any CPU.Build.0 = Release|Any CPU
	EndGlobalSection
	GlobalSection(SolutionProperties) = preSolution
		HideSolutionNode = FALSE
	EndGlobalSection
	GlobalSection(ExtensibilityGlobals) = postSolution
		SolutionGuid = {31467D68-36CF-467C-A62C-368193AC601F}
	EndGlobalSection
EndGlobal
