
Microsoft Visual Studio Solution File, Format Version 12.00
# Visual Studio Version 16
VisualStudioVersion = 25.0.1703.0
MinimumVisualStudioVersion = 10.0.40219.1
Project("{FAE04EC0-301F-11D3-BF4B-00C04F79EFBC}") = "05.FashionBotique", "05.FashionBotique\05.FashionBotique.csproj", "{D4C1134C-234E-4AB8-94F7-08C0F865B4D3}"
EndProject
Global
	GlobalSection(SolutionConfigurationPlatforms) = preSolution
		Debug|Any CPU = Debug|Any CPU
		Release|Any CPU = Release|Any CPU
	EndGlobalSection
	GlobalSection(ProjectConfigurationPlatforms) = postSolution
		{D4C1134C-234E-4AB8-94F7-08C0F865B4D3}.Debug|Any CPU.ActiveCfg = Debug|Any CPU
		{D4C1134C-234E-4AB8-94F7-08C0F865B4D3}.Debug|Any CPU.Build.0 = Debug|Any CPU
		{D4C1134C-234E-4AB8-94F7-08C0F865B4D3}.Release|Any CPU.ActiveCfg = Release|Any CPU
		{D4C1134C-234E-4AB8-94F7-08C0F865B4D3}.Release|Any CPU.Build.0 = Release|Any CPU
	EndGlobalSection
	GlobalSection(SolutionProperties) = preSolution
		HideSolutionNode = FALSE
	EndGlobalSection
	GlobalSection(ExtensibilityGlobals) = postSolution
		SolutionGuid = {1F64D442-1125-4638-A86F-4E238E66439A}
	EndGlobalSection
EndGlobal
