
Microsoft Visual Studio Solution File, Format Version 12.00
# Visual Studio Version 16
VisualStudioVersion = 25.0.1704.0
MinimumVisualStudioVersion = 10.0.40219.1
Project("{FAE04EC0-301F-11D3-BF4B-00C04F79EFBC}") = "04.GenericSwapMethodInteger", "04.GenericSwapMethodInteger\04.GenericSwapMethodInteger.csproj", "{D096BC2B-622B-4D53-AB28-B260A1DC4398}"
EndProject
Global
	GlobalSection(SolutionConfigurationPlatforms) = preSolution
		Debug|Any CPU = Debug|Any CPU
		Release|Any CPU = Release|Any CPU
	EndGlobalSection
	GlobalSection(ProjectConfigurationPlatforms) = postSolution
		{D096BC2B-622B-4D53-AB28-B260A1DC4398}.Debug|Any CPU.ActiveCfg = Debug|Any CPU
		{D096BC2B-622B-4D53-AB28-B260A1DC4398}.Debug|Any CPU.Build.0 = Debug|Any CPU
		{D096BC2B-622B-4D53-AB28-B260A1DC4398}.Release|Any CPU.ActiveCfg = Release|Any CPU
		{D096BC2B-622B-4D53-AB28-B260A1DC4398}.Release|Any CPU.Build.0 = Release|Any CPU
	EndGlobalSection
	GlobalSection(SolutionProperties) = preSolution
		HideSolutionNode = FALSE
	EndGlobalSection
	GlobalSection(ExtensibilityGlobals) = postSolution
		SolutionGuid = {C8F3ECC5-B53A-4EB0-B672-8E2278BE8F03}
	EndGlobalSection
EndGlobal
