
Microsoft Visual Studio Solution File, Format Version 12.00
# Visual Studio Version 16
VisualStudioVersion = 25.0.1704.0
MinimumVisualStudioVersion = 10.0.40219.1
Project("{FAE04EC0-301F-11D3-BF4B-00C04F79EFBC}") = "02.BeaverAtWork", "02.BeaverAtWork\02.BeaverAtWork.csproj", "{1E9A86C9-6283-4414-9DA8-90FB60BFBE90}"
EndProject
Global
	GlobalSection(SolutionConfigurationPlatforms) = preSolution
		Debug|Any CPU = Debug|Any CPU
		Release|Any CPU = Release|Any CPU
	EndGlobalSection
	GlobalSection(ProjectConfigurationPlatforms) = postSolution
		{1E9A86C9-6283-4414-9DA8-90FB60BFBE90}.Debug|Any CPU.ActiveCfg = Debug|Any CPU
		{1E9A86C9-6283-4414-9DA8-90FB60BFBE90}.Debug|Any CPU.Build.0 = Debug|Any CPU
		{1E9A86C9-6283-4414-9DA8-90FB60BFBE90}.Release|Any CPU.ActiveCfg = Release|Any CPU
		{1E9A86C9-6283-4414-9DA8-90FB60BFBE90}.Release|Any CPU.Build.0 = Release|Any CPU
	EndGlobalSection
	GlobalSection(SolutionProperties) = preSolution
		HideSolutionNode = FALSE
	EndGlobalSection
	GlobalSection(ExtensibilityGlobals) = postSolution
		SolutionGuid = {D3AF1012-8343-452F-848B-B15B2051622F}
	EndGlobalSection
EndGlobal
