
Microsoft Visual Studio Solution File, Format Version 12.00
# Visual Studio Version 16
VisualStudioVersion = 25.0.1704.0
MinimumVisualStudioVersion = 10.0.40219.1
Project("{FAE04EC0-301F-11D3-BF4B-00C04F79EFBC}") = "01.Blacksmith", "01.Blacksmith\01.Blacksmith.csproj", "{A3AAD486-DD27-47DC-ABAE-638B0F202FF9}"
EndProject
Global
	GlobalSection(SolutionConfigurationPlatforms) = preSolution
		Debug|Any CPU = Debug|Any CPU
		Release|Any CPU = Release|Any CPU
	EndGlobalSection
	GlobalSection(ProjectConfigurationPlatforms) = postSolution
		{A3AAD486-DD27-47DC-ABAE-638B0F202FF9}.Debug|Any CPU.ActiveCfg = Debug|Any CPU
		{A3AAD486-DD27-47DC-ABAE-638B0F202FF9}.Debug|Any CPU.Build.0 = Debug|Any CPU
		{A3AAD486-DD27-47DC-ABAE-638B0F202FF9}.Release|Any CPU.ActiveCfg = Release|Any CPU
		{A3AAD486-DD27-47DC-ABAE-638B0F202FF9}.Release|Any CPU.Build.0 = Release|Any CPU
	EndGlobalSection
	GlobalSection(SolutionProperties) = preSolution
		HideSolutionNode = FALSE
	EndGlobalSection
	GlobalSection(ExtensibilityGlobals) = postSolution
		SolutionGuid = {5F21554C-41A2-472B-87BB-564B1D495CBC}
	EndGlobalSection
EndGlobal
