
Microsoft Visual Studio Solution File, Format Version 12.00
# Visual Studio Version 16
VisualStudioVersion = 25.0.1704.0
MinimumVisualStudioVersion = 10.0.40219.1
Project("{FAE04EC0-301F-11D3-BF4B-00C04F79EFBC}") = "GenericArrayCreator", "GenericArrayCreator\GenericArrayCreator.csproj", "{1E82E692-F7FC-42FB-AF28-981C673CBCDB}"
EndProject
Global
	GlobalSection(SolutionConfigurationPlatforms) = preSolution
		Debug|Any CPU = Debug|Any CPU
		Release|Any CPU = Release|Any CPU
	EndGlobalSection
	GlobalSection(ProjectConfigurationPlatforms) = postSolution
		{1E82E692-F7FC-42FB-AF28-981C673CBCDB}.Debug|Any CPU.ActiveCfg = Debug|Any CPU
		{1E82E692-F7FC-42FB-AF28-981C673CBCDB}.Debug|Any CPU.Build.0 = Debug|Any CPU
		{1E82E692-F7FC-42FB-AF28-981C673CBCDB}.Release|Any CPU.ActiveCfg = Release|Any CPU
		{1E82E692-F7FC-42FB-AF28-981C673CBCDB}.Release|Any CPU.Build.0 = Release|Any CPU
	EndGlobalSection
	GlobalSection(SolutionProperties) = preSolution
		HideSolutionNode = FALSE
	EndGlobalSection
	GlobalSection(ExtensibilityGlobals) = postSolution
		SolutionGuid = {B160208E-9B99-4AB3-B1EA-A202999EBA41}
	EndGlobalSection
EndGlobal
