
Microsoft Visual Studio Solution File, Format Version 12.00
# Visual Studio Version 16
VisualStudioVersion = 25.0.1704.0
MinimumVisualStudioVersion = 10.0.40219.1
Project("{FAE04EC0-301F-11D3-BF4B-00C04F79EFBC}") = "03.PrimaryDiagonal", "03.PrimaryDiagonal\03.PrimaryDiagonal.csproj", "{BB702F74-4AFE-458B-A2C1-87AC940D2F61}"
EndProject
Global
	GlobalSection(SolutionConfigurationPlatforms) = preSolution
		Debug|Any CPU = Debug|Any CPU
		Release|Any CPU = Release|Any CPU
	EndGlobalSection
	GlobalSection(ProjectConfigurationPlatforms) = postSolution
		{BB702F74-4AFE-458B-A2C1-87AC940D2F61}.Debug|Any CPU.ActiveCfg = Debug|Any CPU
		{BB702F74-4AFE-458B-A2C1-87AC940D2F61}.Debug|Any CPU.Build.0 = Debug|Any CPU
		{BB702F74-4AFE-458B-A2C1-87AC940D2F61}.Release|Any CPU.ActiveCfg = Release|Any CPU
		{BB702F74-4AFE-458B-A2C1-87AC940D2F61}.Release|Any CPU.Build.0 = Release|Any CPU
	EndGlobalSection
	GlobalSection(SolutionProperties) = preSolution
		HideSolutionNode = FALSE
	EndGlobalSection
	GlobalSection(ExtensibilityGlobals) = postSolution
		SolutionGuid = {06819D3C-CE28-478D-AC28-5434918AD53D}
	EndGlobalSection
EndGlobal
