
Microsoft Visual Studio Solution File, Format Version 12.00
# Visual Studio Version 16
VisualStudioVersion = 25.0.1704.0
MinimumVisualStudioVersion = 10.0.40219.1
Project("{FAE04EC0-301F-11D3-BF4B-00C04F79EFBC}") = "08.Treeuple", "08.Treeuple\08.Treeuple.csproj", "{3DD762F8-8030-482E-AA99-545DE9F06785}"
EndProject
Global
	GlobalSection(SolutionConfigurationPlatforms) = preSolution
		Debug|Any CPU = Debug|Any CPU
		Release|Any CPU = Release|Any CPU
	EndGlobalSection
	GlobalSection(ProjectConfigurationPlatforms) = postSolution
		{3DD762F8-8030-482E-AA99-545DE9F06785}.Debug|Any CPU.ActiveCfg = Debug|Any CPU
		{3DD762F8-8030-482E-AA99-545DE9F06785}.Debug|Any CPU.Build.0 = Debug|Any CPU
		{3DD762F8-8030-482E-AA99-545DE9F06785}.Release|Any CPU.ActiveCfg = Release|Any CPU
		{3DD762F8-8030-482E-AA99-545DE9F06785}.Release|Any CPU.Build.0 = Release|Any CPU
	EndGlobalSection
	GlobalSection(SolutionProperties) = preSolution
		HideSolutionNode = FALSE
	EndGlobalSection
	GlobalSection(ExtensibilityGlobals) = postSolution
		SolutionGuid = {C517AFD4-1D26-4518-A0BF-44EF72FCE169}
	EndGlobalSection
EndGlobal
