
Microsoft Visual Studio Solution File, Format Version 12.00
# Visual Studio Version 16
VisualStudioVersion = 25.0.1704.0
MinimumVisualStudioVersion = 10.0.40219.1
Project("{FAE04EC0-301F-11D3-BF4B-00C04F79EFBC}") = "BoxOfT", "BoxOfT\BoxOfT.csproj", "{AFEE9AB0-D066-4C51-926E-05C8A411A4B1}"
EndProject
Global
	GlobalSection(SolutionConfigurationPlatforms) = preSolution
		Debug|Any CPU = Debug|Any CPU
		Release|Any CPU = Release|Any CPU
	EndGlobalSection
	GlobalSection(ProjectConfigurationPlatforms) = postSolution
		{AFEE9AB0-D066-4C51-926E-05C8A411A4B1}.Debug|Any CPU.ActiveCfg = Debug|Any CPU
		{AFEE9AB0-D066-4C51-926E-05C8A411A4B1}.Debug|Any CPU.Build.0 = Debug|Any CPU
		{AFEE9AB0-D066-4C51-926E-05C8A411A4B1}.Release|Any CPU.ActiveCfg = Release|Any CPU
		{AFEE9AB0-D066-4C51-926E-05C8A411A4B1}.Release|Any CPU.Build.0 = Release|Any CPU
	EndGlobalSection
	GlobalSection(SolutionProperties) = preSolution
		HideSolutionNode = FALSE
	EndGlobalSection
	GlobalSection(ExtensibilityGlobals) = postSolution
		SolutionGuid = {E6E1828D-9473-4E68-8846-F751A655409D}
	EndGlobalSection
EndGlobal
