
Microsoft Visual Studio Solution File, Format Version 12.00
# Visual Studio Version 16
VisualStudioVersion = 25.0.1703.0
MinimumVisualStudioVersion = 10.0.40219.1
Project("{FAE04EC0-301F-11D3-BF4B-00C04F79EFBC}") = "02.BasicQueueOperations", "02.BasicQueueOperations\02.BasicQueueOperations.csproj", "{22415942-DD00-4E40-AB2D-EE811FE09CE7}"
EndProject
Global
	GlobalSection(SolutionConfigurationPlatforms) = preSolution
		Debug|Any CPU = Debug|Any CPU
		Release|Any CPU = Release|Any CPU
	EndGlobalSection
	GlobalSection(ProjectConfigurationPlatforms) = postSolution
		{22415942-DD00-4E40-AB2D-EE811FE09CE7}.Debug|Any CPU.ActiveCfg = Debug|Any CPU
		{22415942-DD00-4E40-AB2D-EE811FE09CE7}.Debug|Any CPU.Build.0 = Debug|Any CPU
		{22415942-DD00-4E40-AB2D-EE811FE09CE7}.Release|Any CPU.ActiveCfg = Release|Any CPU
		{22415942-DD00-4E40-AB2D-EE811FE09CE7}.Release|Any CPU.Build.0 = Release|Any CPU
	EndGlobalSection
	GlobalSection(SolutionProperties) = preSolution
		HideSolutionNode = FALSE
	EndGlobalSection
	GlobalSection(ExtensibilityGlobals) = postSolution
		SolutionGuid = {10C7634C-C27C-48BB-A0A4-2F5A205AB3D1}
	EndGlobalSection
EndGlobal
