
Microsoft Visual Studio Solution File, Format Version 12.00
# Visual Studio Version 16
VisualStudioVersion = 25.0.1704.0
MinimumVisualStudioVersion = 10.0.40219.1
Project("{FAE04EC0-301F-11D3-BF4B-00C04F79EFBC}") = "03.Largest3Numbers", "03.Largest3Numbers\03.Largest3Numbers.csproj", "{EC57240E-EB6B-4FD9-A78B-FC4C7AADEBA8}"
EndProject
Global
	GlobalSection(SolutionConfigurationPlatforms) = preSolution
		Debug|Any CPU = Debug|Any CPU
		Release|Any CPU = Release|Any CPU
	EndGlobalSection
	GlobalSection(ProjectConfigurationPlatforms) = postSolution
		{EC57240E-EB6B-4FD9-A78B-FC4C7AADEBA8}.Debug|Any CPU.ActiveCfg = Debug|Any CPU
		{EC57240E-EB6B-4FD9-A78B-FC4C7AADEBA8}.Debug|Any CPU.Build.0 = Debug|Any CPU
		{EC57240E-EB6B-4FD9-A78B-FC4C7AADEBA8}.Release|Any CPU.ActiveCfg = Release|Any CPU
		{EC57240E-EB6B-4FD9-A78B-FC4C7AADEBA8}.Release|Any CPU.Build.0 = Release|Any CPU
	EndGlobalSection
	GlobalSection(SolutionProperties) = preSolution
		HideSolutionNode = FALSE
	EndGlobalSection
	GlobalSection(ExtensibilityGlobals) = postSolution
		SolutionGuid = {94513BED-A4E0-4FA1-A1B7-2995324DF7E8}
	EndGlobalSection
EndGlobal
